PODS:
  - Flutter (1.0.0)
  - integration_test (0.0.1):
    - Flutter
  - lbwpush (0.0.1):
    - Flutter

DEPENDENCIES:
  - Flutter (from `Flutter`)
  - integration_test (from `.symlinks/plugins/integration_test/ios`)
  - lbwpush (from `.symlinks/plugins/lbwpush/ios`)

EXTERNAL SOURCES:
  Flutter:
    :path: Flutter
  integration_test:
    :path: ".symlinks/plugins/integration_test/ios"
  lbwpush:
    :path: ".symlinks/plugins/lbwpush/ios"

SPEC CHECKSUMS:
  Flutter: e0871f40cf51350855a761d2e70bf5af5b9b5de7
  integration_test: 13825b8a9334a850581300559b8839134b124670
  lbwpush: c249a676c6629af921cd3c8d0189faf6099267e1

PODFILE CHECKSUM: 02caaa843f6501172c0d470d80e72f61175c8b93

COCOAPODS: 1.12.1
